
Microsoft Visual Studio Solution File, Format Version 11.00
# Visual Studio 2010
Project("{FAE04EC0-301F-11D3-BF4B-00C04F79EFBC}") = "가변길이매개변수", "가변길이매개변수\가변길이매개변수.csproj", "{D9D26C15-04F0-4B32-B34C-5107B2C7F2CB}"
EndProject
Global
	GlobalSection(SolutionConfigurationPlatforms) = preSolution
		Debug|x86 = Debug|x86
		Release|x86 = Release|x86
	EndGlobalSection
	GlobalSection(ProjectConfigurationPlatforms) = postSolution
		{D9D26C15-04F0-4B32-B34C-5107B2C7F2CB}.Debug|x86.ActiveCfg = Debug|x86
		{D9D26C15-04F0-4B32-B34C-5107B2C7F2CB}.Debug|x86.Build.0 = Debug|x86
		{D9D26C15-04F0-4B32-B34C-5107B2C7F2CB}.Release|x86.ActiveCfg = Release|x86
		{D9D26C15-04F0-4B32-B34C-5107B2C7F2CB}.Release|x86.Build.0 = Release|x86
	EndGlobalSection
	GlobalSection(SolutionProperties) = preSolution
		HideSolutionNode = FALSE
	EndGlobalSection
EndGlobal
