
Microsoft Visual Studio Solution File, Format Version 11.00
# Visual Studio 2010
Project("{FAE04EC0-301F-11D3-BF4B-00C04F79EFBC}") = "박싱과언박싱", "박싱과언박싱\박싱과언박싱.csproj", "{E37DBD7A-8E50-446A-8491-19DD6F7FD943}"
EndProject
Global
	GlobalSection(SolutionConfigurationPlatforms) = preSolution
		Debug|x86 = Debug|x86
		Release|x86 = Release|x86
	EndGlobalSection
	GlobalSection(ProjectConfigurationPlatforms) = postSolution
		{E37DBD7A-8E50-446A-8491-19DD6F7FD943}.Debug|x86.ActiveCfg = Debug|x86
		{E37DBD7A-8E50-446A-8491-19DD6F7FD943}.Debug|x86.Build.0 = Debug|x86
		{E37DBD7A-8E50-446A-8491-19DD6F7FD943}.Release|x86.ActiveCfg = Release|x86
		{E37DBD7A-8E50-446A-8491-19DD6F7FD943}.Release|x86.Build.0 = Release|x86
	EndGlobalSection
	GlobalSection(SolutionProperties) = preSolution
		HideSolutionNode = FALSE
	EndGlobalSection
EndGlobal
